<?xml version="1.0" encoding="utf-8"?>
<Project ToolsVersion="4.0" xmlns="http://schemas.microsoft.com/developer/msbuild/2003">
  <ItemGroup>
    <Filter Include="Leilao">
      <UniqueIdentifier>{06d2d6d9-3e77-4792-bb72-a4e8336cf6ea}</UniqueIdentifier>
    </Filter>
    <Filter Include="Leilao\SRC">
      <UniqueIdentifier>{ed4b8170-12c6-4947-a4d0-6acb5c75d897}</UniqueIdentifier>
    </Filter>
    <Filter Include="Leilao\SRC\Arquivos de Origem">
      <UniqueIdentifier>{4FC737F1-C7A5-4376-A066-2A32D752A2FF}</UniqueIdentifier>
      <Extensions>cpp;c;cc;cxx;c++;cppm;ixx;def;odl;idl;hpj;bat;asm;asmx</Extensions>
    </Filter>
    <Filter Include="Leilao\SRC\Arquivos de Cabeçalho">
      <UniqueIdentifier>{93995380-89BD-4b04-88EB-625FBE52EBFB}</UniqueIdentifier>
      <Extensions>h;hh;hpp;hxx;h++;hm;inl;inc;ipp;xsd</Extensions>
    </Filter>
  </ItemGroup>
  <ItemGroup>
    <ClInclude Include="src\Avaliador.hpp">
      <Filter>Leilao\SRC\Arquivos de Cabeçalho</Filter>
    </ClInclude>
    <ClInclude Include="src\Lance.hpp">
      <Filter>Leilao\SRC\Arquivos de Cabeçalho</Filter>
    </ClInclude>
    <ClInclude Include="src\Leilao.hpp">
      <Filter>Leilao\SRC\Arquivos de Cabeçalho</Filter>
    </ClInclude>
    <ClInclude Include="src\Usuario.hpp">
      <Filter>Leilao\SRC\Arquivos de Cabeçalho</Filter>
    </ClInclude>
  </ItemGroup>
  <ItemGroup>
    <ClCompile Include="src\Avaliador.cpp">
      <Filter>Leilao\SRC\Arquivos de Origem</Filter>
    </ClCompile>
    <ClCompile Include="src\Lance.cpp">
      <Filter>Leilao\SRC\Arquivos de Origem</Filter>
    </ClCompile>
    <ClCompile Include="src\Leilao.cpp">
      <Filter>Leilao\SRC\Arquivos de Origem</Filter>
    </ClCompile>
    <ClCompile Include="src\Usuario.cpp">
      <Filter>Leilao\SRC\Arquivos de Origem</Filter>
    </ClCompile>
    <ClCompile Include="main.cpp">
      <Filter>Leilao</Filter>
    </ClCompile>
  </ItemGroup>
</Project>