<?xml version="1.0" encoding="utf-8"?>
<Project ToolsVersion="4.0" xmlns="http://schemas.microsoft.com/developer/msbuild/2003">
  <ItemGroup>
    <Filter Include="src">
      <UniqueIdentifier>{944aa09c-ba41-4df0-8473-5e59ca15dc9c}</UniqueIdentifier>
    </Filter>
    <Filter Include="src\Arquivos de Origem">
      <UniqueIdentifier>{4FC737F1-C7A5-4376-A066-2A32D752A2FF}</UniqueIdentifier>
      <Extensions>cpp;c;cc;cxx;c++;cppm;ixx;def;odl;idl;hpj;bat;asm;asmx</Extensions>
    </Filter>
    <Filter Include="src\Arquivos de Cabeçalho">
      <UniqueIdentifier>{93995380-89BD-4b04-88EB-625FBE52EBFB}</UniqueIdentifier>
      <Extensions>h;hh;hpp;hxx;h++;hm;inl;inc;ipp;xsd</Extensions>
    </Filter>
    <Filter Include="Tests">
      <UniqueIdentifier>{fa1b2923-d5bb-481b-84a9-cf6b6b1d57c1}</UniqueIdentifier>
    </Filter>
  </ItemGroup>
  <ItemGroup>
    <ClCompile Include="Lance.cpp">
      <Filter>src\Arquivos de Origem</Filter>
    </ClCompile>
    <ClCompile Include="Leilao.cpp">
      <Filter>src\Arquivos de Origem</Filter>
    </ClCompile>
    <ClCompile Include="Usuario.cpp">
      <Filter>src\Arquivos de Origem</Filter>
    </ClCompile>
    <ClCompile Include="Avaliador.cpp">
      <Filter>src\Arquivos de Origem</Filter>
    </ClCompile>
    <ClCompile Include="Test.cpp">
      <Filter>Tests</Filter>
    </ClCompile>
    <ClCompile Include="main-test.cpp">
      <Filter>Tests</Filter>
    </ClCompile>
    <ClCompile Include="leilao-test.cpp">
      <Filter>Tests</Filter>
    </ClCompile>
    <ClCompile Include="usuario-test.cpp">
      <Filter>Tests</Filter>
    </ClCompile>
  </ItemGroup>
  <ItemGroup>
    <ClInclude Include="Lance.hpp">
      <Filter>src\Arquivos de Cabeçalho</Filter>
    </ClInclude>
    <ClInclude Include="Leilao.hpp">
      <Filter>src\Arquivos de Cabeçalho</Filter>
    </ClInclude>
    <ClInclude Include="Usuario.hpp">
      <Filter>src\Arquivos de Cabeçalho</Filter>
    </ClInclude>
    <ClInclude Include="Avaliador.hpp">
      <Filter>src\Arquivos de Cabeçalho</Filter>
    </ClInclude>
    <ClInclude Include="catch.hpp">
      <Filter>Tests</Filter>
    </ClInclude>
  </ItemGroup>
</Project>