
Microsoft Visual Studio Solution File, Format Version 12.00
# Visual Studio Version 17
VisualStudioVersion = 17.2.32526.322
MinimumVisualStudioVersion = 10.0.40219.1
Project("{8BC9CEB8-8B4A-11D0-8D11-00A0C91BC942}") = "teste", "teste\teste.vcxproj", "{77CB0C5F-C5A2-41A9-8984-AE50DA4F80A5}"
EndProject
Global
	GlobalSection(SolutionConfigurationPlatforms) = preSolution
		Debug|x64 = Debug|x64
		Debug|x86 = Debug|x86
		Release|x64 = Release|x64
		Release|x86 = Release|x86
	EndGlobalSection
	GlobalSection(ProjectConfigurationPlatforms) = postSolution
		{77CB0C5F-C5A2-41A9-8984-AE50DA4F80A5}.Debug|x64.ActiveCfg = Debug|x64
		{77CB0C5F-C5A2-41A9-8984-AE50DA4F80A5}.Debug|x64.Build.0 = Debug|x64
		{77CB0C5F-C5A2-41A9-8984-AE50DA4F80A5}.Debug|x86.ActiveCfg = Debug|Win32
		{77CB0C5F-C5A2-41A9-8984-AE50DA4F80A5}.Debug|x86.Build.0 = Debug|Win32
		{77CB0C5F-C5A2-41A9-8984-AE50DA4F80A5}.Release|x64.ActiveCfg = Release|x64
		{77CB0C5F-C5A2-41A9-8984-AE50DA4F80A5}.Release|x64.Build.0 = Release|x64
		{77CB0C5F-C5A2-41A9-8984-AE50DA4F80A5}.Release|x86.ActiveCfg = Release|Win32
		{77CB0C5F-C5A2-41A9-8984-AE50DA4F80A5}.Release|x86.Build.0 = Release|Win32
	EndGlobalSection
	GlobalSection(SolutionProperties) = preSolution
		HideSolutionNode = FALSE
	EndGlobalSection
	GlobalSection(ExtensibilityGlobals) = postSolution
		SolutionGuid = {8053EF4F-E1E1-4D62-848C-783365F9E69A}
	EndGlobalSection
EndGlobal
