
Microsoft Visual Studio Solution File, Format Version 12.00
# Visual Studio Version 17
VisualStudioVersion = 17.2.32616.157
MinimumVisualStudioVersion = 10.0.40219.1
Project("{FAE04EC0-301F-11D3-BF4B-00C04F79EFBC}") = "BancoSharp", "BancoSharp\BancoSharp.csproj", "{B0AFE52F-CA6C-41F8-81AD-21397298C904}"
EndProject
Global
	GlobalSection(SolutionConfigurationPlatforms) = preSolution
		Debug|Any CPU = Debug|Any CPU
		Release|Any CPU = Release|Any CPU
	EndGlobalSection
	GlobalSection(ProjectConfigurationPlatforms) = postSolution
		{B0AFE52F-CA6C-41F8-81AD-21397298C904}.Debug|Any CPU.ActiveCfg = Debug|Any CPU
		{B0AFE52F-CA6C-41F8-81AD-21397298C904}.Debug|Any CPU.Build.0 = Debug|Any CPU
		{B0AFE52F-CA6C-41F8-81AD-21397298C904}.Release|Any CPU.ActiveCfg = Release|Any CPU
		{B0AFE52F-CA6C-41F8-81AD-21397298C904}.Release|Any CPU.Build.0 = Release|Any CPU
	EndGlobalSection
	GlobalSection(SolutionProperties) = preSolution
		HideSolutionNode = FALSE
	EndGlobalSection
	GlobalSection(ExtensibilityGlobals) = postSolution
		SolutionGuid = {AA02A2B7-0AB5-4CA7-A92D-C1EC7353D78C}
	EndGlobalSection
EndGlobal
