
Microsoft Visual Studio Solution File, Format Version 12.00
# Visual Studio Version 16
VisualStudioVersion = 16.0.32802.440
MinimumVisualStudioVersion = 10.0.40219.1
Project("{FAE04EC0-301F-11D3-BF4B-00C04F79EFBC}") = "UsuariosApi", "UsuariosApi.csproj", "{B8D62492-F9AF-4571-8CBF-3A87856FD04C}"
EndProject
Global
	GlobalSection(SolutionConfigurationPlatforms) = preSolution
		Debug|Any CPU = Debug|Any CPU
		Release|Any CPU = Release|Any CPU
	EndGlobalSection
	GlobalSection(ProjectConfigurationPlatforms) = postSolution
		{B8D62492-F9AF-4571-8CBF-3A87856FD04C}.Debug|Any CPU.ActiveCfg = Debug|Any CPU
		{B8D62492-F9AF-4571-8CBF-3A87856FD04C}.Debug|Any CPU.Build.0 = Debug|Any CPU
		{B8D62492-F9AF-4571-8CBF-3A87856FD04C}.Release|Any CPU.ActiveCfg = Release|Any CPU
		{B8D62492-F9AF-4571-8CBF-3A87856FD04C}.Release|Any CPU.Build.0 = Release|Any CPU
	EndGlobalSection
	GlobalSection(SolutionProperties) = preSolution
		HideSolutionNode = FALSE
	EndGlobalSection
	GlobalSection(ExtensibilityGlobals) = postSolution
		SolutionGuid = {C5B0E7B0-40D7-40C2-AF94-43E34C8FAB6C}
	EndGlobalSection
EndGlobal
